Microsoft Visual Studio Solution File, Format Version 12.00
# Visual Studio Version 17
VisualStudioVersion = 17.5.2.0
MinimumVisualStudioVersion = 10.0.40219.1
Project("{FAE04EC0-301F-11D3-BF4B-00C04F79EFBC}") = "SchoolManagementSystem", "SchoolManagementSystem\SchoolManagementSystem.csproj", "{40908EAC-D93B-38AB-C314-485FBF8097C0}"
EndProject
Project("{FAE04EC0-301F-11D3-BF4B-00C04F79EFBC}") = "SchoolManagementConsole", "SchoolManagementConsole\SchoolManagementConsole.csproj", "{B1975102-07A8-9703-5AC1-10C7EFCBF9EE}"
EndProject
Global
	GlobalSection(SolutionConfigurationPlatforms) = preSolution
		Debug|Any CPU = Debug|Any CPU
		Release|Any CPU = Release|Any CPU
	EndGlobalSection
	GlobalSection(ProjectConfigurationPlatforms) = postSolution
		{40908EAC-D93B-38AB-C314-485FBF8097C0}.Debug|Any CPU.ActiveCfg = Debug|Any CPU
		{40908EAC-D93B-38AB-C314-485FBF8097C0}.Debug|Any CPU.Build.0 = Debug|Any CPU
		{40908EAC-D93B-38AB-C314-485FBF8097C0}.Release|Any CPU.ActiveCfg = Release|Any CPU
		{40908EAC-D93B-38AB-C314-485FBF8097C0}.Release|Any CPU.Build.0 = Release|Any CPU
		{B1975102-07A8-9703-5AC1-10C7EFCBF9EE}.Debug|Any CPU.ActiveCfg = Debug|Any CPU
		{B1975102-07A8-9703-5AC1-10C7EFCBF9EE}.Debug|Any CPU.Build.0 = Debug|Any CPU
		{B1975102-07A8-9703-5AC1-10C7EFCBF9EE}.Release|Any CPU.ActiveCfg = Release|Any CPU
		{B1975102-07A8-9703-5AC1-10C7EFCBF9EE}.Release|Any CPU.Build.0 = Release|Any CPU
	EndGlobalSection
	GlobalSection(SolutionProperties) = preSolution
		HideSolutionNode = FALSE
	EndGlobalSection
	GlobalSection(ExtensibilityGlobals) = postSolution
		SolutionGuid = {CC49DC4F-A949-49D9-BA69-C158464807AD}
	EndGlobalSection
EndGlobal
